
Microsoft Visual Studio Solution File, Format Version 12.00
# Visual Studio Version 16
VisualStudioVersion = 16.0.28803.202
MinimumVisualStudioVersion = 10.0.40219.1
Project("{FAE04EC0-301F-11D3-BF4B-00C04F79EFBC}") = "Tasr11_835", "Tasr11_835\Tasr11_835.csproj", "{69D0D16F-5C09-43D8-963B-A5F9BB9E6B87}"
EndProject
Global
	GlobalSection(SolutionConfigurationPlatforms) = preSolution
		Debug|Any CPU = Debug|Any CPU
		Release|Any CPU = Release|Any CPU
	EndGlobalSection
	GlobalSection(ProjectConfigurationPlatforms) = postSolution
		{69D0D16F-5C09-43D8-963B-A5F9BB9E6B87}.Debug|Any CPU.ActiveCfg = Debug|Any CPU
		{69D0D16F-5C09-43D8-963B-A5F9BB9E6B87}.Debug|Any CPU.Build.0 = Debug|Any CPU
		{69D0D16F-5C09-43D8-963B-A5F9BB9E6B87}.Release|Any CPU.ActiveCfg = Release|Any CPU
		{69D0D16F-5C09-43D8-963B-A5F9BB9E6B87}.Release|Any CPU.Build.0 = Release|Any CPU
	EndGlobalSection
	GlobalSection(SolutionProperties) = preSolution
		HideSolutionNode = FALSE
	EndGlobalSection
	GlobalSection(ExtensibilityGlobals) = postSolution
		SolutionGuid = {39EC5F49-CB54-4478-8C1A-5FC29D56E171}
	EndGlobalSection
EndGlobal
