
Microsoft Visual Studio Solution File, Format Version 12.00
# Visual Studio Version 16
VisualStudioVersion = 16.0.28803.202
MinimumVisualStudioVersion = 10.0.40219.1
Project("{FAE04EC0-301F-11D3-BF4B-00C04F79EFBC}") = "Task8", "Task8\Task8.csproj", "{254317CC-4FD0-4C8C-8607-92FF9EF6B83A}"
EndProject
Global
	GlobalSection(SolutionConfigurationPlatforms) = preSolution
		Debug|Any CPU = Debug|Any CPU
		Release|Any CPU = Release|Any CPU
	EndGlobalSection
	GlobalSection(ProjectConfigurationPlatforms) = postSolution
		{254317CC-4FD0-4C8C-8607-92FF9EF6B83A}.Debug|Any CPU.ActiveCfg = Debug|Any CPU
		{254317CC-4FD0-4C8C-8607-92FF9EF6B83A}.Debug|Any CPU.Build.0 = Debug|Any CPU
		{254317CC-4FD0-4C8C-8607-92FF9EF6B83A}.Release|Any CPU.ActiveCfg = Release|Any CPU
		{254317CC-4FD0-4C8C-8607-92FF9EF6B83A}.Release|Any CPU.Build.0 = Release|Any CPU
	EndGlobalSection
	GlobalSection(SolutionProperties) = preSolution
		HideSolutionNode = FALSE
	EndGlobalSection
	GlobalSection(ExtensibilityGlobals) = postSolution
		SolutionGuid = {FEFFC5BC-A522-4755-B7F5-EF70B3F923E6}
	EndGlobalSection
EndGlobal
