
Microsoft Visual Studio Solution File, Format Version 12.00
# Visual Studio Version 16
VisualStudioVersion = 16.0.28803.202
MinimumVisualStudioVersion = 10.0.40219.1
Project("{FAE04EC0-301F-11D3-BF4B-00C04F79EFBC}") = "Task6_14", "Task6_14\Task6_14.csproj", "{9A79E339-3C1F-4C22-A655-E47F8441DFA0}"
EndProject
Global
	GlobalSection(SolutionConfigurationPlatforms) = preSolution
		Debug|Any CPU = Debug|Any CPU
		Release|Any CPU = Release|Any CPU
	EndGlobalSection
	GlobalSection(ProjectConfigurationPlatforms) = postSolution
		{9A79E339-3C1F-4C22-A655-E47F8441DFA0}.Debug|Any CPU.ActiveCfg = Debug|Any CPU
		{9A79E339-3C1F-4C22-A655-E47F8441DFA0}.Debug|Any CPU.Build.0 = Debug|Any CPU
		{9A79E339-3C1F-4C22-A655-E47F8441DFA0}.Release|Any CPU.ActiveCfg = Release|Any CPU
		{9A79E339-3C1F-4C22-A655-E47F8441DFA0}.Release|Any CPU.Build.0 = Release|Any CPU
	EndGlobalSection
	GlobalSection(SolutionProperties) = preSolution
		HideSolutionNode = FALSE
	EndGlobalSection
	GlobalSection(ExtensibilityGlobals) = postSolution
		SolutionGuid = {2A0F29E9-9904-472A-B294-F2A03F823147}
	EndGlobalSection
EndGlobal
