
Microsoft Visual Studio Solution File, Format Version 12.00
# Visual Studio Version 16
VisualStudioVersion = 16.0.28803.202
MinimumVisualStudioVersion = 10.0.40219.1
Project("{FAE04EC0-301F-11D3-BF4B-00C04F79EFBC}") = "Task7_21", "Task7_21\Task7_21.csproj", "{804EF5BE-F166-4571-AE1A-DDB5EBCFBD7A}"
EndProject
Global
	GlobalSection(SolutionConfigurationPlatforms) = preSolution
		Debug|Any CPU = Debug|Any CPU
		Release|Any CPU = Release|Any CPU
	EndGlobalSection
	GlobalSection(ProjectConfigurationPlatforms) = postSolution
		{804EF5BE-F166-4571-AE1A-DDB5EBCFBD7A}.Debug|Any CPU.ActiveCfg = Debug|Any CPU
		{804EF5BE-F166-4571-AE1A-DDB5EBCFBD7A}.Debug|Any CPU.Build.0 = Debug|Any CPU
		{804EF5BE-F166-4571-AE1A-DDB5EBCFBD7A}.Release|Any CPU.ActiveCfg = Release|Any CPU
		{804EF5BE-F166-4571-AE1A-DDB5EBCFBD7A}.Release|Any CPU.Build.0 = Release|Any CPU
	EndGlobalSection
	GlobalSection(SolutionProperties) = preSolution
		HideSolutionNode = FALSE
	EndGlobalSection
	GlobalSection(ExtensibilityGlobals) = postSolution
		SolutionGuid = {3DC20F2F-A0EE-415C-AE38-621FF83415E0}
	EndGlobalSection
EndGlobal
