
Microsoft Visual Studio Solution File, Format Version 12.00
# Visual Studio Version 16
VisualStudioVersion = 16.0.28803.156
MinimumVisualStudioVersion = 10.0.40219.1
Project("{FAE04EC0-301F-11D3-BF4B-00C04F79EFBC}") = "Task1_Cell_Frame", "Task1_Cell_Frame\Task1_Cell_Frame.csproj", "{2364128D-9CB8-4D46-AD2A-3A23BD5EB1EA}"
EndProject
Global
	GlobalSection(SolutionConfigurationPlatforms) = preSolution
		Debug|Any CPU = Debug|Any CPU
		Release|Any CPU = Release|Any CPU
	EndGlobalSection
	GlobalSection(ProjectConfigurationPlatforms) = postSolution
		{2364128D-9CB8-4D46-AD2A-3A23BD5EB1EA}.Debug|Any CPU.ActiveCfg = Debug|Any CPU
		{2364128D-9CB8-4D46-AD2A-3A23BD5EB1EA}.Debug|Any CPU.Build.0 = Debug|Any CPU
		{2364128D-9CB8-4D46-AD2A-3A23BD5EB1EA}.Release|Any CPU.ActiveCfg = Release|Any CPU
		{2364128D-9CB8-4D46-AD2A-3A23BD5EB1EA}.Release|Any CPU.Build.0 = Release|Any CPU
	EndGlobalSection
	GlobalSection(SolutionProperties) = preSolution
		HideSolutionNode = FALSE
	EndGlobalSection
	GlobalSection(ExtensibilityGlobals) = postSolution
		SolutionGuid = {D07E6BA4-CB89-45A2-B3E2-CAA421E70154}
	EndGlobalSection
EndGlobal
